
Microsoft Visual Studio Solution File, Format Version 12.00
# Visual Studio Version 16
VisualStudioVersion = 16.0.31205.134
MinimumVisualStudioVersion = 10.0.40219.1
Project("{9A19103F-16F7-4668-BE54-9A1E7A4F7556}") = "BernsteinVazirani", "BernsteinVazirani\BernsteinVazirani.csproj", "{ACBE56C3-38A9-4325-ACF7-5B80D5AE0F10}"
EndProject
Project("{FAE04EC0-301F-11D3-BF4B-00C04F79EFBC}") = "IonPlatformResourceEstimation", "IonPlatformResourceEstimation\IonPlatformResourceEstimation.csproj", "{F90C6F23-161F-478C-BF24-D9BD6C6F7135}"
EndProject
Global
	GlobalSection(SolutionConfigurationPlatforms) = preSolution
		Debug|Any CPU = Debug|Any CPU
		Release|Any CPU = Release|Any CPU
	EndGlobalSection
	GlobalSection(ProjectConfigurationPlatforms) = postSolution
		{ACBE56C3-38A9-4325-ACF7-5B80D5AE0F10}.Debug|Any CPU.ActiveCfg = Debug|Any CPU
		{ACBE56C3-38A9-4325-ACF7-5B80D5AE0F10}.Debug|Any CPU.Build.0 = Debug|Any CPU
		{ACBE56C3-38A9-4325-ACF7-5B80D5AE0F10}.Release|Any CPU.ActiveCfg = Release|Any CPU
		{ACBE56C3-38A9-4325-ACF7-5B80D5AE0F10}.Release|Any CPU.Build.0 = Release|Any CPU
		{F90C6F23-161F-478C-BF24-D9BD6C6F7135}.Debug|Any CPU.ActiveCfg = Debug|Any CPU
		{F90C6F23-161F-478C-BF24-D9BD6C6F7135}.Debug|Any CPU.Build.0 = Debug|Any CPU
		{F90C6F23-161F-478C-BF24-D9BD6C6F7135}.Release|Any CPU.ActiveCfg = Release|Any CPU
		{F90C6F23-161F-478C-BF24-D9BD6C6F7135}.Release|Any CPU.Build.0 = Release|Any CPU
	EndGlobalSection
	GlobalSection(SolutionProperties) = preSolution
		HideSolutionNode = FALSE
	EndGlobalSection
	GlobalSection(ExtensibilityGlobals) = postSolution
		SolutionGuid = {5DDD1BE3-81BE-4B59-BCED-FD80F61168B1}
	EndGlobalSection
EndGlobal
